Microsoft Visual Studio Solution File, Format Version 12.00
# Visual Studio 15
VisualStudioVersion = 15.0.28307.329
MinimumVisualStudioVersion = 10.0.40219.1
Project("{FAE04EC0-301F-11D3-BF4B-00C04F79EFBC}") = "ShanghaiEXE", "ShanghaiEXE\ShanghaiEXE.csproj", "{857C6454-745E-4007-AE03-E4C29D4B4AC8}"
EndProject
Project("{2150E333-8FDC-42A3-9474-1A3956D46DE8}") = "Solution Items", "Solution Items", "{EBCAC932-DCD9-4B32-982B-EFE5F350F6A0}"
	ProjectSection(SolutionItems) = preProject
		misc\ChipDrops.csv = misc\ChipDrops.csv
		misc\mapfile toplevel.txt = misc\mapfile toplevel.txt
		misc\notes.txt = misc\notes.txt
		README.md = README.md
		misc\TraderCodes.txt = misc\TraderCodes.txt
		keys\verify.txt = keys\verify.txt
	EndProjectSection
EndProject
Project("{FAE04EC0-301F-11D3-BF4B-00C04F79EFBC}") = "Common", "Common\Common.csproj", "{02FBC9E9-B245-4268-BF06-366901E5FF19}"
EndProject
Project("{FAE04EC0-301F-11D3-BF4B-00C04F79EFBC}") = "Resource Packing Build Step", "Resource Packing Build Step\Resource Packing Build Step.csproj", "{8DACB18F-5250-4F6F-A5A5-6B2E2957DC29}"
EndProject
Project("{FAE04EC0-301F-11D3-BF4B-00C04F79EFBC}") = "Post-Build Steps", "Post-Build Steps\Post-Build Steps.csproj", "{C60350EF-7BF8-4DF4-926E-1C80EAC89090}"
EndProject
Project("{FAE04EC0-301F-11D3-BF4B-00C04F79EFBC}") = "KeyConfig.WinForms", "KeyConfig.WinForms\KeyConfig.WinForms.csproj", "{A5C79E2E-A52F-4957-8D76-34CB964465EA}"
EndProject
Global
	GlobalSection(SolutionConfigurationPlatforms) = preSolution
		Debug Full Build|Any CPU = Debug Full Build|Any CPU
		Debug Full Build|x86 = Debug Full Build|x86
		Debug Program Only|Any CPU = Debug Program Only|Any CPU
		Debug Program Only|x86 = Debug Program Only|x86
		Release Full Build|Any CPU = Release Full Build|Any CPU
		Release Full Build|x86 = Release Full Build|x86
		Debug|Any CPU = Debug|Any CPU
		Release|Any CPU = Release|Any CPU
	EndGlobalSection
	GlobalSection(ProjectConfigurationPlatforms) = postSolution
		{857C6454-745E-4007-AE03-E4C29D4B4AC8}.Debug Full Build|Any CPU.ActiveCfg = Debug Full Build|x86
		{857C6454-745E-4007-AE03-E4C29D4B4AC8}.Debug Full Build|Any CPU.Build.0 = Debug Full Build|x86
		{857C6454-745E-4007-AE03-E4C29D4B4AC8}.Debug Full Build|x86.ActiveCfg = Debug Full Build|x86
		{857C6454-745E-4007-AE03-E4C29D4B4AC8}.Debug Full Build|x86.Build.0 = Debug Full Build|x86
		{857C6454-745E-4007-AE03-E4C29D4B4AC8}.Debug Program Only|Any CPU.ActiveCfg = Debug Program Only|x86
		{857C6454-745E-4007-AE03-E4C29D4B4AC8}.Debug Program Only|Any CPU.Build.0 = Debug Program Only|x86
		{857C6454-745E-4007-AE03-E4C29D4B4AC8}.Debug Program Only|x86.ActiveCfg = Debug Program Only|x86
		{857C6454-745E-4007-AE03-E4C29D4B4AC8}.Debug Program Only|x86.Build.0 = Debug Program Only|x86
		{857C6454-745E-4007-AE03-E4C29D4B4AC8}.Release Full Build|Any CPU.ActiveCfg = Release Full Build|x86
		{857C6454-745E-4007-AE03-E4C29D4B4AC8}.Release Full Build|Any CPU.Build.0 = Release Full Build|x86
		{857C6454-745E-4007-AE03-E4C29D4B4AC8}.Release Full Build|x86.ActiveCfg = Release Full Build|x86
		{857C6454-745E-4007-AE03-E4C29D4B4AC8}.Release Full Build|x86.Build.0 = Release Full Build|x86
		{857C6454-745E-4007-AE03-E4C29D4B4AC8}.Debug|Any CPU.ActiveCfg = Debug Program Only|x86
		{857C6454-745E-4007-AE03-E4C29D4B4AC8}.Debug|Any CPU.Build.0 = Debug Program Only|x86
		{857C6454-745E-4007-AE03-E4C29D4B4AC8}.Release|Any CPU.ActiveCfg = Release Full Build|x86
		{857C6454-745E-4007-AE03-E4C29D4B4AC8}.Release|Any CPU.Build.0 = Release Full Build|x86
		{02FBC9E9-B245-4268-BF06-366901E5FF19}.Debug Full Build|Any CPU.ActiveCfg = Debug|Any CPU
		{02FBC9E9-B245-4268-BF06-366901E5FF19}.Debug Full Build|Any CPU.Build.0 = Debug|Any CPU
		{02FBC9E9-B245-4268-BF06-366901E5FF19}.Debug Full Build|x86.ActiveCfg = Debug|Any CPU
		{02FBC9E9-B245-4268-BF06-366901E5FF19}.Debug Full Build|x86.Build.0 = Debug|Any CPU
		{02FBC9E9-B245-4268-BF06-366901E5FF19}.Debug Program Only|Any CPU.ActiveCfg = Debug|Any CPU
		{02FBC9E9-B245-4268-BF06-366901E5FF19}.Debug Program Only|Any CPU.Build.0 = Debug|Any CPU
		{02FBC9E9-B245-4268-BF06-366901E5FF19}.Debug Program Only|x86.ActiveCfg = Debug|Any CPU
		{02FBC9E9-B245-4268-BF06-366901E5FF19}.Debug Program Only|x86.Build.0 = Debug|Any CPU
		{02FBC9E9-B245-4268-BF06-366901E5FF19}.Release Full Build|Any CPU.ActiveCfg = Release|Any CPU
		{02FBC9E9-B245-4268-BF06-366901E5FF19}.Release Full Build|Any CPU.Build.0 = Release|Any CPU
		{02FBC9E9-B245-4268-BF06-366901E5FF19}.Release Full Build|x86.ActiveCfg = Release|Any CPU
		{02FBC9E9-B245-4268-BF06-366901E5FF19}.Release Full Build|x86.Build.0 = Release|Any CPU
		{02FBC9E9-B245-4268-BF06-366901E5FF19}.Debug|Any CPU.ActiveCfg = Debug|Any CPU
		{02FBC9E9-B245-4268-BF06-366901E5FF19}.Debug|Any CPU.Build.0 = Debug|Any CPU
		{02FBC9E9-B245-4268-BF06-366901E5FF19}.Release|Any CPU.ActiveCfg = Release|Any CPU
		{02FBC9E9-B245-4268-BF06-366901E5FF19}.Release|Any CPU.Build.0 = Release|Any CPU
		{8DACB18F-5250-4F6F-A5A5-6B2E2957DC29}.Debug Full Build|Any CPU.ActiveCfg = Debug|Any CPU
		{8DACB18F-5250-4F6F-A5A5-6B2E2957DC29}.Debug Full Build|Any CPU.Build.0 = Debug|Any CPU
		{8DACB18F-5250-4F6F-A5A5-6B2E2957DC29}.Debug Full Build|x86.ActiveCfg = Debug|Any CPU
		{8DACB18F-5250-4F6F-A5A5-6B2E2957DC29}.Debug Full Build|x86.Build.0 = Debug|Any CPU
		{8DACB18F-5250-4F6F-A5A5-6B2E2957DC29}.Debug Program Only|Any CPU.ActiveCfg = Debug|Any CPU
		{8DACB18F-5250-4F6F-A5A5-6B2E2957DC29}.Debug Program Only|Any CPU.Build.0 = Debug|Any CPU
		{8DACB18F-5250-4F6F-A5A5-6B2E2957DC29}.Debug Program Only|x86.ActiveCfg = Debug|Any CPU
		{8DACB18F-5250-4F6F-A5A5-6B2E2957DC29}.Debug Program Only|x86.Build.0 = Debug|Any CPU
		{8DACB18F-5250-4F6F-A5A5-6B2E2957DC29}.Release Full Build|Any CPU.ActiveCfg = Release|Any CPU
		{8DACB18F-5250-4F6F-A5A5-6B2E2957DC29}.Release Full Build|Any CPU.Build.0 = Release|Any CPU
		{8DACB18F-5250-4F6F-A5A5-6B2E2957DC29}.Release Full Build|x86.ActiveCfg = Release|Any CPU
		{8DACB18F-5250-4F6F-A5A5-6B2E2957DC29}.Release Full Build|x86.Build.0 = Release|Any CPU
		{8DACB18F-5250-4F6F-A5A5-6B2E2957DC29}.Debug|Any CPU.ActiveCfg = Debug|Any CPU
		{8DACB18F-5250-4F6F-A5A5-6B2E2957DC29}.Debug|Any CPU.Build.0 = Debug|Any CPU
		{8DACB18F-5250-4F6F-A5A5-6B2E2957DC29}.Release|Any CPU.ActiveCfg = Release|Any CPU
		{8DACB18F-5250-4F6F-A5A5-6B2E2957DC29}.Release|Any CPU.Build.0 = Release|Any CPU
		{C60350EF-7BF8-4DF4-926E-1C80EAC89090}.Debug Full Build|Any CPU.ActiveCfg = Debug|Any CPU
		{C60350EF-7BF8-4DF4-926E-1C80EAC89090}.Debug Full Build|Any CPU.Build.0 = Debug|Any CPU
		{C60350EF-7BF8-4DF4-926E-1C80EAC89090}.Debug Full Build|x86.ActiveCfg = Debug|Any CPU
		{C60350EF-7BF8-4DF4-926E-1C80EAC89090}.Debug Full Build|x86.Build.0 = Debug|Any CPU
		{C60350EF-7BF8-4DF4-926E-1C80EAC89090}.Debug Program Only|Any CPU.ActiveCfg = Debug|Any CPU
		{C60350EF-7BF8-4DF4-926E-1C80EAC89090}.Debug Program Only|Any CPU.Build.0 = Debug|Any CPU
		{C60350EF-7BF8-4DF4-926E-1C80EAC89090}.Debug Program Only|x86.ActiveCfg = Debug|Any CPU
		{C60350EF-7BF8-4DF4-926E-1C80EAC89090}.Debug Program Only|x86.Build.0 = Debug|Any CPU
		{C60350EF-7BF8-4DF4-926E-1C80EAC89090}.Release Full Build|Any CPU.ActiveCfg = Release|Any CPU
		{C60350EF-7BF8-4DF4-926E-1C80EAC89090}.Release Full Build|Any CPU.Build.0 = Release|Any CPU
		{C60350EF-7BF8-4DF4-926E-1C80EAC89090}.Release Full Build|x86.ActiveCfg = Release|Any CPU
		{C60350EF-7BF8-4DF4-926E-1C80EAC89090}.Release Full Build|x86.Build.0 = Release|Any CPU
		{C60350EF-7BF8-4DF4-926E-1C80EAC89090}.Debug|Any CPU.ActiveCfg = Debug|Any CPU
		{C60350EF-7BF8-4DF4-926E-1C80EAC89090}.Debug|Any CPU.Build.0 = Debug|Any CPU
		{C60350EF-7BF8-4DF4-926E-1C80EAC89090}.Release|Any CPU.ActiveCfg = Release|Any CPU
		{C60350EF-7BF8-4DF4-926E-1C80EAC89090}.Release|Any CPU.Build.0 = Release|Any CPU
		{A5C79E2E-A52F-4957-8D76-34CB964465EA}.Debug Full Build|Any CPU.ActiveCfg = Debug|Any CPU
		{A5C79E2E-A52F-4957-8D76-34CB964465EA}.Debug Full Build|Any CPU.Build.0 = Debug|Any CPU
		{A5C79E2E-A52F-4957-8D76-34CB964465EA}.Debug Full Build|x86.ActiveCfg = Debug|Any CPU
		{A5C79E2E-A52F-4957-8D76-34CB964465EA}.Debug Full Build|x86.Build.0 = Debug|Any CPU
		{A5C79E2E-A52F-4957-8D76-34CB964465EA}.Debug Program Only|Any CPU.ActiveCfg = Debug|Any CPU
		{A5C79E2E-A52F-4957-8D76-34CB964465EA}.Debug Program Only|Any CPU.Build.0 = Debug|Any CPU
		{A5C79E2E-A52F-4957-8D76-34CB964465EA}.Debug Program Only|x86.ActiveCfg = Debug|Any CPU
		{A5C79E2E-A52F-4957-8D76-34CB964465EA}.Debug Program Only|x86.Build.0 = Debug|Any CPU
		{A5C79E2E-A52F-4957-8D76-34CB964465EA}.Release Full Build|Any CPU.ActiveCfg = Debug|Any CPU
		{A5C79E2E-A52F-4957-8D76-34CB964465EA}.Release Full Build|Any CPU.Build.0 = Debug|Any CPU
		{A5C79E2E-A52F-4957-8D76-34CB964465EA}.Release Full Build|x86.ActiveCfg = Debug|Any CPU
		{A5C79E2E-A52F-4957-8D76-34CB964465EA}.Release Full Build|x86.Build.0 = Debug|Any CPU
		{A5C79E2E-A52F-4957-8D76-34CB964465EA}.Debug|Any CPU.ActiveCfg = Debug|Any CPU
		{A5C79E2E-A52F-4957-8D76-34CB964465EA}.Debug|Any CPU.Build.0 = Debug|Any CPU
		{A5C79E2E-A52F-4957-8D76-34CB964465EA}.Release|Any CPU.ActiveCfg = Release|Any CPU
		{A5C79E2E-A52F-4957-8D76-34CB964465EA}.Release|Any CPU.Build.0 = Release|Any CPU
	EndGlobalSection
	GlobalSection(SolutionProperties) = preSolution
		HideSolutionNode = FALSE
	EndGlobalSection
	GlobalSection(ExtensibilityGlobals) = postSolution
		SolutionGuid = {78AD6270-F141-4442-A17B-E2A15966A4AC}
	EndGlobalSection
EndGlobal
