Microsoft Visual Studio Solution File, Format Version 12.00
# Visual Studio 15
VisualStudioVersion = 15.0.28307.329
MinimumVisualStudioVersion = 10.0.40219.1
Project("{FAE04EC0-301F-11D3-BF4B-00C04F79EFBC}") = "ShanghaiEXE", "ShanghaiEXE\ShanghaiEXE.csproj", "{857C6454-745E-4007-AE03-E4C29D4B4AC8}"
EndProject
Project("{2150E333-8FDC-42A3-9474-1A3956D46DE8}") = "Solution Items", "Solution Items", "{EBCAC932-DCD9-4B32-982B-EFE5F350F6A0}"
	ProjectSection(SolutionItems) = preProject
		misc\ChipDrops.csv = misc\ChipDrops.csv
		misc\mapfile toplevel.txt = misc\mapfile toplevel.txt
		misc\notes.txt = misc\notes.txt
		README.md = README.md
		misc\TraderCodes.txt = misc\TraderCodes.txt
		keys\verify.txt = keys\verify.txt
	EndProjectSection
EndProject
Project("{FAE04EC0-301F-11D3-BF4B-00C04F79EFBC}") = "Common", "Common\Common.csproj", "{02FBC9E9-B245-4268-BF06-366901E5FF19}"
EndProject
Project("{FAE04EC0-301F-11D3-BF4B-00C04F79EFBC}") = "Resource Packing Build Step", "Resource Packing Build Step\Resource Packing Build Step.csproj", "{8DACB18F-5250-4F6F-A5A5-6B2E2957DC29}"
EndProject
Project("{FAE04EC0-301F-11D3-BF4B-00C04F79EFBC}") = "Post-Build Steps", "Post-Build Steps\Post-Build Steps.csproj", "{C60350EF-7BF8-4DF4-926E-1C80EAC89090}"
EndProject
Project("{FAE04EC0-301F-11D3-BF4B-00C04F79EFBC}") = "Tests", "ShanghaiEXE.UnitTests\Tests.csproj", "{1D8A27E1-F652-4137-9078-2EB107B7C082}"
EndProject
Project("{FAE04EC0-301F-11D3-BF4B-00C04F79EFBC}") = "KeyConfig", "KeyConfig\KeyConfig.csproj", "{4E05AA03-E740-47E7-8217-126C1EBE9909}"
EndProject
Project("{FAE04EC0-301F-11D3-BF4B-00C04F79EFBC}") = "MapEditor", "MapEditor\MapEditor.csproj", "{8E4E8418-05EC-4C99-92C3-AD1DD9741B23}"
EndProject
Project("{FAE04EC0-301F-11D3-BF4B-00C04F79EFBC}") = "MusicPlayer", "MusicPlayer\MusicPlayer.csproj", "{7169636B-A7DB-4B75-8BC8-EA92C042F11E}"
EndProject
Project("{FAE04EC0-301F-11D3-BF4B-00C04F79EFBC}") = "NVorbis", "NVorbis\NVorbis.csproj", "{5F3E7612-6C0A-47AA-8A4B-83E425045FC9}"
EndProject
Global
	GlobalSection(SolutionConfigurationPlatforms) = preSolution
		Debug Full Build|Any CPU = Debug Full Build|Any CPU
		Debug Full Build|x86 = Debug Full Build|x86
		Debug Program Only|Any CPU = Debug Program Only|Any CPU
		Debug Program Only|x86 = Debug Program Only|x86
		Release Full Build|Any CPU = Release Full Build|Any CPU
		Release Full Build|x86 = Release Full Build|x86
		Debug|Any CPU = Debug|Any CPU
		Release|Any CPU = Release|Any CPU
	EndGlobalSection
	GlobalSection(ProjectConfigurationPlatforms) = postSolution
		{857C6454-745E-4007-AE03-E4C29D4B4AC8}.Debug Full Build|Any CPU.ActiveCfg = Debug Full Build|x86
		{857C6454-745E-4007-AE03-E4C29D4B4AC8}.Debug Full Build|Any CPU.Build.0 = Debug Full Build|x86
		{857C6454-745E-4007-AE03-E4C29D4B4AC8}.Debug Full Build|x86.ActiveCfg = Debug Full Build|x86
		{857C6454-745E-4007-AE03-E4C29D4B4AC8}.Debug Full Build|x86.Build.0 = Debug Full Build|x86
		{857C6454-745E-4007-AE03-E4C29D4B4AC8}.Debug Program Only|Any CPU.ActiveCfg = Debug Program Only|x86
		{857C6454-745E-4007-AE03-E4C29D4B4AC8}.Debug Program Only|Any CPU.Build.0 = Debug Program Only|x86
		{857C6454-745E-4007-AE03-E4C29D4B4AC8}.Debug Program Only|x86.ActiveCfg = Debug Program Only|x86
		{857C6454-745E-4007-AE03-E4C29D4B4AC8}.Debug Program Only|x86.Build.0 = Debug Program Only|x86
		{857C6454-745E-4007-AE03-E4C29D4B4AC8}.Release Full Build|Any CPU.ActiveCfg = Release Full Build|x86
		{857C6454-745E-4007-AE03-E4C29D4B4AC8}.Release Full Build|Any CPU.Build.0 = Release Full Build|x86
		{857C6454-745E-4007-AE03-E4C29D4B4AC8}.Release Full Build|x86.ActiveCfg = Release Full Build|x86
		{857C6454-745E-4007-AE03-E4C29D4B4AC8}.Release Full Build|x86.Build.0 = Release Full Build|x86
		{857C6454-745E-4007-AE03-E4C29D4B4AC8}.Debug|Any CPU.ActiveCfg = Debug|Any CPU
		{857C6454-745E-4007-AE03-E4C29D4B4AC8}.Debug|Any CPU.Build.0 = Debug|Any CPU
		{857C6454-745E-4007-AE03-E4C29D4B4AC8}.Release|Any CPU.ActiveCfg = Release|Any CPU
		{857C6454-745E-4007-AE03-E4C29D4B4AC8}.Release|Any CPU.Build.0 = Release|Any CPU
		{02FBC9E9-B245-4268-BF06-366901E5FF19}.Debug Full Build|Any CPU.ActiveCfg = Debug|Any CPU
		{02FBC9E9-B245-4268-BF06-366901E5FF19}.Debug Full Build|Any CPU.Build.0 = Debug|Any CPU
		{02FBC9E9-B245-4268-BF06-366901E5FF19}.Debug Full Build|x86.ActiveCfg = Debug|Any CPU
		{02FBC9E9-B245-4268-BF06-366901E5FF19}.Debug Full Build|x86.Build.0 = Debug|Any CPU
		{02FBC9E9-B245-4268-BF06-366901E5FF19}.Debug Program Only|Any CPU.ActiveCfg = Debug|Any CPU
		{02FBC9E9-B245-4268-BF06-366901E5FF19}.Debug Program Only|Any CPU.Build.0 = Debug|Any CPU
		{02FBC9E9-B245-4268-BF06-366901E5FF19}.Debug Program Only|x86.ActiveCfg = Debug|Any CPU
		{02FBC9E9-B245-4268-BF06-366901E5FF19}.Debug Program Only|x86.Build.0 = Debug|Any CPU
		{02FBC9E9-B245-4268-BF06-366901E5FF19}.Release Full Build|Any CPU.ActiveCfg = Release|Any CPU
		{02FBC9E9-B245-4268-BF06-366901E5FF19}.Release Full Build|Any CPU.Build.0 = Release|Any CPU
		{02FBC9E9-B245-4268-BF06-366901E5FF19}.Release Full Build|x86.ActiveCfg = Release|Any CPU
		{02FBC9E9-B245-4268-BF06-366901E5FF19}.Release Full Build|x86.Build.0 = Release|Any CPU
		{02FBC9E9-B245-4268-BF06-366901E5FF19}.Debug|Any CPU.ActiveCfg = Debug|Any CPU
		{02FBC9E9-B245-4268-BF06-366901E5FF19}.Debug|Any CPU.Build.0 = Debug|Any CPU
		{02FBC9E9-B245-4268-BF06-366901E5FF19}.Release|Any CPU.ActiveCfg = Release|Any CPU
		{02FBC9E9-B245-4268-BF06-366901E5FF19}.Release|Any CPU.Build.0 = Release|Any CPU
		{8DACB18F-5250-4F6F-A5A5-6B2E2957DC29}.Debug Full Build|Any CPU.ActiveCfg = Debug|Any CPU
		{8DACB18F-5250-4F6F-A5A5-6B2E2957DC29}.Debug Full Build|Any CPU.Build.0 = Debug|Any CPU
		{8DACB18F-5250-4F6F-A5A5-6B2E2957DC29}.Debug Full Build|x86.ActiveCfg = Debug|Any CPU
		{8DACB18F-5250-4F6F-A5A5-6B2E2957DC29}.Debug Full Build|x86.Build.0 = Debug|Any CPU
		{8DACB18F-5250-4F6F-A5A5-6B2E2957DC29}.Debug Program Only|Any CPU.ActiveCfg = Debug|Any CPU
		{8DACB18F-5250-4F6F-A5A5-6B2E2957DC29}.Debug Program Only|Any CPU.Build.0 = Debug|Any CPU
		{8DACB18F-5250-4F6F-A5A5-6B2E2957DC29}.Debug Program Only|x86.ActiveCfg = Debug|Any CPU
		{8DACB18F-5250-4F6F-A5A5-6B2E2957DC29}.Debug Program Only|x86.Build.0 = Debug|Any CPU
		{8DACB18F-5250-4F6F-A5A5-6B2E2957DC29}.Release Full Build|Any CPU.ActiveCfg = Release|Any CPU
		{8DACB18F-5250-4F6F-A5A5-6B2E2957DC29}.Release Full Build|Any CPU.Build.0 = Release|Any CPU
		{8DACB18F-5250-4F6F-A5A5-6B2E2957DC29}.Release Full Build|x86.ActiveCfg = Release|Any CPU
		{8DACB18F-5250-4F6F-A5A5-6B2E2957DC29}.Release Full Build|x86.Build.0 = Release|Any CPU
		{8DACB18F-5250-4F6F-A5A5-6B2E2957DC29}.Debug|Any CPU.ActiveCfg = Debug|Any CPU
		{8DACB18F-5250-4F6F-A5A5-6B2E2957DC29}.Debug|Any CPU.Build.0 = Debug|Any CPU
		{8DACB18F-5250-4F6F-A5A5-6B2E2957DC29}.Release|Any CPU.ActiveCfg = Release|Any CPU
		{8DACB18F-5250-4F6F-A5A5-6B2E2957DC29}.Release|Any CPU.Build.0 = Release|Any CPU
		{C60350EF-7BF8-4DF4-926E-1C80EAC89090}.Debug Full Build|Any CPU.ActiveCfg = Debug|Any CPU
		{C60350EF-7BF8-4DF4-926E-1C80EAC89090}.Debug Full Build|Any CPU.Build.0 = Debug|Any CPU
		{C60350EF-7BF8-4DF4-926E-1C80EAC89090}.Debug Full Build|x86.ActiveCfg = Debug|Any CPU
		{C60350EF-7BF8-4DF4-926E-1C80EAC89090}.Debug Full Build|x86.Build.0 = Debug|Any CPU
		{C60350EF-7BF8-4DF4-926E-1C80EAC89090}.Debug Program Only|Any CPU.ActiveCfg = Debug|Any CPU
		{C60350EF-7BF8-4DF4-926E-1C80EAC89090}.Debug Program Only|Any CPU.Build.0 = Debug|Any CPU
		{C60350EF-7BF8-4DF4-926E-1C80EAC89090}.Debug Program Only|x86.ActiveCfg = Debug|Any CPU
		{C60350EF-7BF8-4DF4-926E-1C80EAC89090}.Debug Program Only|x86.Build.0 = Debug|Any CPU
		{C60350EF-7BF8-4DF4-926E-1C80EAC89090}.Release Full Build|Any CPU.ActiveCfg = Release|Any CPU
		{C60350EF-7BF8-4DF4-926E-1C80EAC89090}.Release Full Build|Any CPU.Build.0 = Release|Any CPU
		{C60350EF-7BF8-4DF4-926E-1C80EAC89090}.Release Full Build|x86.ActiveCfg = Release|Any CPU
		{C60350EF-7BF8-4DF4-926E-1C80EAC89090}.Release Full Build|x86.Build.0 = Release|Any CPU
		{C60350EF-7BF8-4DF4-926E-1C80EAC89090}.Debug|Any CPU.ActiveCfg = Debug|Any CPU
		{C60350EF-7BF8-4DF4-926E-1C80EAC89090}.Debug|Any CPU.Build.0 = Debug|Any CPU
		{C60350EF-7BF8-4DF4-926E-1C80EAC89090}.Release|Any CPU.ActiveCfg = Release|Any CPU
		{C60350EF-7BF8-4DF4-926E-1C80EAC89090}.Release|Any CPU.Build.0 = Release|Any CPU
		{1D8A27E1-F652-4137-9078-2EB107B7C082}.Debug Full Build|Any CPU.ActiveCfg = Test|Any CPU
		{1D8A27E1-F652-4137-9078-2EB107B7C082}.Debug Full Build|Any CPU.Build.0 = Test|Any CPU
		{1D8A27E1-F652-4137-9078-2EB107B7C082}.Debug Full Build|x86.ActiveCfg = Test|Any CPU
		{1D8A27E1-F652-4137-9078-2EB107B7C082}.Debug Full Build|x86.Build.0 = Test|Any CPU
		{1D8A27E1-F652-4137-9078-2EB107B7C082}.Debug Program Only|Any CPU.ActiveCfg = Test|Any CPU
		{1D8A27E1-F652-4137-9078-2EB107B7C082}.Debug Program Only|Any CPU.Build.0 = Test|Any CPU
		{1D8A27E1-F652-4137-9078-2EB107B7C082}.Debug Program Only|x86.ActiveCfg = Test|Any CPU
		{1D8A27E1-F652-4137-9078-2EB107B7C082}.Debug Program Only|x86.Build.0 = Test|Any CPU
		{1D8A27E1-F652-4137-9078-2EB107B7C082}.Release Full Build|Any CPU.ActiveCfg = Test|Any CPU
		{1D8A27E1-F652-4137-9078-2EB107B7C082}.Release Full Build|Any CPU.Build.0 = Test|Any CPU
		{1D8A27E1-F652-4137-9078-2EB107B7C082}.Release Full Build|x86.ActiveCfg = Test|Any CPU
		{1D8A27E1-F652-4137-9078-2EB107B7C082}.Release Full Build|x86.Build.0 = Test|Any CPU
		{1D8A27E1-F652-4137-9078-2EB107B7C082}.Debug|Any CPU.ActiveCfg = Debug|Any CPU
		{1D8A27E1-F652-4137-9078-2EB107B7C082}.Debug|Any CPU.Build.0 = Debug|Any CPU
		{1D8A27E1-F652-4137-9078-2EB107B7C082}.Release|Any CPU.ActiveCfg = Release|Any CPU
		{1D8A27E1-F652-4137-9078-2EB107B7C082}.Release|Any CPU.Build.0 = Release|Any CPU
		{4E05AA03-E740-47E7-8217-126C1EBE9909}.Debug Full Build|Any CPU.ActiveCfg = Debug|x86
		{4E05AA03-E740-47E7-8217-126C1EBE9909}.Debug Full Build|Any CPU.Build.0 = Debug|x86
		{4E05AA03-E740-47E7-8217-126C1EBE9909}.Debug Full Build|x86.ActiveCfg = Debug|x86
		{4E05AA03-E740-47E7-8217-126C1EBE9909}.Debug Full Build|x86.Build.0 = Debug|x86
		{4E05AA03-E740-47E7-8217-126C1EBE9909}.Debug Program Only|Any CPU.ActiveCfg = Debug|x86
		{4E05AA03-E740-47E7-8217-126C1EBE9909}.Debug Program Only|Any CPU.Build.0 = Debug|x86
		{4E05AA03-E740-47E7-8217-126C1EBE9909}.Debug Program Only|x86.ActiveCfg = Debug|x86
		{4E05AA03-E740-47E7-8217-126C1EBE9909}.Debug Program Only|x86.Build.0 = Debug|x86
		{4E05AA03-E740-47E7-8217-126C1EBE9909}.Release Full Build|Any CPU.ActiveCfg = Release|x86
		{4E05AA03-E740-47E7-8217-126C1EBE9909}.Release Full Build|Any CPU.Build.0 = Release|x86
		{4E05AA03-E740-47E7-8217-126C1EBE9909}.Release Full Build|x86.ActiveCfg = Release|x86
		{4E05AA03-E740-47E7-8217-126C1EBE9909}.Release Full Build|x86.Build.0 = Release|x86
		{4E05AA03-E740-47E7-8217-126C1EBE9909}.Debug|Any CPU.ActiveCfg = Debug|x86
		{4E05AA03-E740-47E7-8217-126C1EBE9909}.Debug|Any CPU.Build.0 = Debug|x86
		{4E05AA03-E740-47E7-8217-126C1EBE9909}.Release|Any CPU.ActiveCfg = Release|x86
		{4E05AA03-E740-47E7-8217-126C1EBE9909}.Release|Any CPU.Build.0 = Release|x86
		{8E4E8418-05EC-4C99-92C3-AD1DD9741B23}.Debug Full Build|Any CPU.ActiveCfg = Debug Full Build|x86
		{8E4E8418-05EC-4C99-92C3-AD1DD9741B23}.Debug Full Build|Any CPU.Build.0 = Debug Full Build|x86
		{8E4E8418-05EC-4C99-92C3-AD1DD9741B23}.Debug Full Build|x86.ActiveCfg = Debug Full Build|x86
		{8E4E8418-05EC-4C99-92C3-AD1DD9741B23}.Debug Full Build|x86.Build.0 = Debug Full Build|x86
		{8E4E8418-05EC-4C99-92C3-AD1DD9741B23}.Debug Program Only|Any CPU.ActiveCfg = Debug Program Only|x86
		{8E4E8418-05EC-4C99-92C3-AD1DD9741B23}.Debug Program Only|Any CPU.Build.0 = Debug Program Only|x86
		{8E4E8418-05EC-4C99-92C3-AD1DD9741B23}.Debug Program Only|x86.ActiveCfg = Debug Program Only|x86
		{8E4E8418-05EC-4C99-92C3-AD1DD9741B23}.Debug Program Only|x86.Build.0 = Debug Program Only|x86
		{8E4E8418-05EC-4C99-92C3-AD1DD9741B23}.Release Full Build|Any CPU.ActiveCfg = Release Full Build|x86
		{8E4E8418-05EC-4C99-92C3-AD1DD9741B23}.Release Full Build|Any CPU.Build.0 = Release Full Build|x86
		{8E4E8418-05EC-4C99-92C3-AD1DD9741B23}.Release Full Build|x86.ActiveCfg = Release Full Build|x86
		{8E4E8418-05EC-4C99-92C3-AD1DD9741B23}.Release Full Build|x86.Build.0 = Release Full Build|x86
		{8E4E8418-05EC-4C99-92C3-AD1DD9741B23}.Debug|Any CPU.ActiveCfg = Debug|Any CPU
		{8E4E8418-05EC-4C99-92C3-AD1DD9741B23}.Debug|Any CPU.Build.0 = Debug|Any CPU
		{8E4E8418-05EC-4C99-92C3-AD1DD9741B23}.Release|Any CPU.ActiveCfg = Release|Any CPU
		{8E4E8418-05EC-4C99-92C3-AD1DD9741B23}.Release|Any CPU.Build.0 = Release|Any CPU
		{7169636B-A7DB-4B75-8BC8-EA92C042F11E}.Debug Full Build|Any CPU.ActiveCfg = Debug|x86
		{7169636B-A7DB-4B75-8BC8-EA92C042F11E}.Debug Full Build|Any CPU.Build.0 = Debug|x86
		{7169636B-A7DB-4B75-8BC8-EA92C042F11E}.Debug Full Build|x86.ActiveCfg = Debug|x86
		{7169636B-A7DB-4B75-8BC8-EA92C042F11E}.Debug Full Build|x86.Build.0 = Debug|x86
		{7169636B-A7DB-4B75-8BC8-EA92C042F11E}.Debug Program Only|Any CPU.ActiveCfg = Debug|x86
		{7169636B-A7DB-4B75-8BC8-EA92C042F11E}.Debug Program Only|Any CPU.Build.0 = Debug|x86
		{7169636B-A7DB-4B75-8BC8-EA92C042F11E}.Debug Program Only|x86.ActiveCfg = Debug|x86
		{7169636B-A7DB-4B75-8BC8-EA92C042F11E}.Debug Program Only|x86.Build.0 = Debug|x86
		{7169636B-A7DB-4B75-8BC8-EA92C042F11E}.Release Full Build|Any CPU.ActiveCfg = Release|x86
		{7169636B-A7DB-4B75-8BC8-EA92C042F11E}.Release Full Build|Any CPU.Build.0 = Release|x86
		{7169636B-A7DB-4B75-8BC8-EA92C042F11E}.Release Full Build|x86.ActiveCfg = Release|x86
		{7169636B-A7DB-4B75-8BC8-EA92C042F11E}.Release Full Build|x86.Build.0 = Release|x86
		{7169636B-A7DB-4B75-8BC8-EA92C042F11E}.Debug|Any CPU.ActiveCfg = Debug|x86
		{7169636B-A7DB-4B75-8BC8-EA92C042F11E}.Debug|Any CPU.Build.0 = Debug|x86
		{7169636B-A7DB-4B75-8BC8-EA92C042F11E}.Release|Any CPU.ActiveCfg = Release|x86
		{7169636B-A7DB-4B75-8BC8-EA92C042F11E}.Release|Any CPU.Build.0 = Release|x86
		{5F3E7612-6C0A-47AA-8A4B-83E425045FC9}.Debug Full Build|Any CPU.ActiveCfg = Debug|Any CPU
		{5F3E7612-6C0A-47AA-8A4B-83E425045FC9}.Debug Full Build|Any CPU.Build.0 = Debug|Any CPU
		{5F3E7612-6C0A-47AA-8A4B-83E425045FC9}.Debug Full Build|x86.ActiveCfg = Debug|Any CPU
		{5F3E7612-6C0A-47AA-8A4B-83E425045FC9}.Debug Full Build|x86.Build.0 = Debug|Any CPU
		{5F3E7612-6C0A-47AA-8A4B-83E425045FC9}.Debug Program Only|Any CPU.ActiveCfg = Debug|Any CPU
		{5F3E7612-6C0A-47AA-8A4B-83E425045FC9}.Debug Program Only|Any CPU.Build.0 = Debug|Any CPU
		{5F3E7612-6C0A-47AA-8A4B-83E425045FC9}.Debug Program Only|x86.ActiveCfg = Debug|Any CPU
		{5F3E7612-6C0A-47AA-8A4B-83E425045FC9}.Debug Program Only|x86.Build.0 = Debug|Any CPU
		{5F3E7612-6C0A-47AA-8A4B-83E425045FC9}.Release Full Build|Any CPU.ActiveCfg = Release|Any CPU
		{5F3E7612-6C0A-47AA-8A4B-83E425045FC9}.Release Full Build|Any CPU.Build.0 = Release|Any CPU
		{5F3E7612-6C0A-47AA-8A4B-83E425045FC9}.Release Full Build|x86.ActiveCfg = Release|Any CPU
		{5F3E7612-6C0A-47AA-8A4B-83E425045FC9}.Release Full Build|x86.Build.0 = Release|Any CPU
		{5F3E7612-6C0A-47AA-8A4B-83E425045FC9}.Debug|Any CPU.ActiveCfg = Debug|Any CPU
		{5F3E7612-6C0A-47AA-8A4B-83E425045FC9}.Debug|Any CPU.Build.0 = Debug|Any CPU
		{5F3E7612-6C0A-47AA-8A4B-83E425045FC9}.Release|Any CPU.ActiveCfg = Release|Any CPU
		{5F3E7612-6C0A-47AA-8A4B-83E425045FC9}.Release|Any CPU.Build.0 = Release|Any CPU
	EndGlobalSection
	GlobalSection(SolutionProperties) = preSolution
		HideSolutionNode = FALSE
	EndGlobalSection
	GlobalSection(ExtensibilityGlobals) = postSolution
		SolutionGuid = {78AD6270-F141-4442-A17B-E2A15966A4AC}
	EndGlobalSection
EndGlobal
